
Microsoft Visual Studio Solution File, Format Version 12.00
# Visual Studio Version 16
VisualStudioVersion = 16.0.29306.81
MinimumVisualStudioVersion = 10.0.40219.1
Project("{FAE04EC0-301F-11D3-BF4B-00C04F79EFBC}") = "FizzBuzz", "FizzBuzz.csproj", "{DDAED249-B069-46CA-9110-1AA5A7F4BAE9}"
EndProject
Project("{FAE04EC0-301F-11D3-BF4B-00C04F79EFBC}") = "ConsoleShouldPrint", "..\ConsoleShouldPrint\ConsoleShouldPrint.csproj", "{8956B746-7A07-4672-8751-E67A529677EC}"
EndProject
Global
	GlobalSection(SolutionConfigurationPlatforms) = preSolution
		Debug|Any CPU = Debug|Any CPU
		Release|Any CPU = Release|Any CPU
	EndGlobalSection
	GlobalSection(ProjectConfigurationPlatforms) = postSolution
		{DDAED249-B069-46CA-9110-1AA5A7F4BAE9}.Debug|Any CPU.ActiveCfg = Debug|Any CPU
		{DDAED249-B069-46CA-9110-1AA5A7F4BAE9}.Debug|Any CPU.Build.0 = Debug|Any CPU
		{DDAED249-B069-46CA-9110-1AA5A7F4BAE9}.Release|Any CPU.ActiveCfg = Release|Any CPU
		{DDAED249-B069-46CA-9110-1AA5A7F4BAE9}.Release|Any CPU.Build.0 = Release|Any CPU
		{8956B746-7A07-4672-8751-E67A529677EC}.Debug|Any CPU.ActiveCfg = Debug|Any CPU
		{8956B746-7A07-4672-8751-E67A529677EC}.Debug|Any CPU.Build.0 = Debug|Any CPU
		{8956B746-7A07-4672-8751-E67A529677EC}.Release|Any CPU.ActiveCfg = Release|Any CPU
		{8956B746-7A07-4672-8751-E67A529677EC}.Release|Any CPU.Build.0 = Release|Any CPU
	EndGlobalSection
	GlobalSection(SolutionProperties) = preSolution
		HideSolutionNode = FALSE
	EndGlobalSection
	GlobalSection(ExtensibilityGlobals) = postSolution
		SolutionGuid = {0B536363-943C-4FB2-BCF2-767C73115F60}
	EndGlobalSection
EndGlobal
